
Microsoft Visual Studio Solution File, Format Version 12.00
# Visual Studio Version 16
VisualStudioVersion = 16.0.30114.105
MinimumVisualStudioVersion = 10.0.40219.1
Project("{FAE04EC0-301F-11D3-BF4B-00C04F79EFBC}") = "nTestSystem.Desktop", "nTestSystem\nTestSystem.Desktop.csproj", "{7A4FE7C0-20CE-4AA7-AF81-99A4DFF6B20E}"
	ProjectSection(ProjectDependencies) = postProject
		{2FF64225-1366-44D9-9EF1-6332E2988C84} = {2FF64225-1366-44D9-9EF1-6332E2988C84}
		{A047B48B-6EC5-4AE7-908B-776CA2F2C87F} = {A047B48B-6EC5-4AE7-908B-776CA2F2C87F}
	EndProjectSection
EndProject
Project("{2150E333-8FDC-42A3-9474-1A3956D46DE8}") = "Solution Items", "Solution Items", "{37BE7F16-A51F-48BB-ADD3-EF93E3AEAB0E}"
	ProjectSection(SolutionItems) = preProject
		.editorconfig = .editorconfig
		bookmarks.html = bookmarks.html
		Note.docx = Note.docx
	EndProjectSection
EndProject
Project("{FAE04EC0-301F-11D3-BF4B-00C04F79EFBC}") = "nTestSystem.DataHelper", "nTestSystem.DataHelper\nTestSystem.DataHelper.csproj", "{2FF64225-1366-44D9-9EF1-6332E2988C84}"
EndProject
Project("{FAE04EC0-301F-11D3-BF4B-00C04F79EFBC}") = "nTestSystem.DeviceHelper", "nTestSystem.DeviceHelper\nTestSystem.DeviceHelper.csproj", "{A047B48B-6EC5-4AE7-908B-776CA2F2C87F}"
EndProject
Project("{FAE04EC0-301F-11D3-BF4B-00C04F79EFBC}") = "nTestSystem.Framework", "nTestSystem.Framework\nTestSystem.Framework.csproj", "{31046853-B5B2-457D-9AEE-5DF597C1B8DE}"
EndProject
Project("{2150E333-8FDC-42A3-9474-1A3956D46DE8}") = "Module", "Module", "{63FF9BD3-BDDD-485B-8048-0B1F8523B7E2}"
EndProject
Project("{2150E333-8FDC-42A3-9474-1A3956D46DE8}") = "Libraries", "Libraries", "{52C1E434-21A1-47E1-8877-EB1385E7450E}"
EndProject
Project("{FAE04EC0-301F-11D3-BF4B-00C04F79EFBC}") = "nTestSystem.DatabaseHelper", "nTestSystem.Database\nTestSystem.DatabaseHelper.csproj", "{59F81643-D146-44CC-A6B4-EFA2319E23B0}"
EndProject
Project("{FAE04EC0-301F-11D3-BF4B-00C04F79EFBC}") = "nTestSystem.ConfigurationHelper", "nTestSystem.ConfigurationHelper\nTestSystem.ConfigurationHelper.csproj", "{E596F1F8-0D24-4C00-9B82-0573872965BE}"
EndProject
Project("{FAE04EC0-301F-11D3-BF4B-00C04F79EFBC}") = "nTestSystem.SignIn", "nTestSystem.SignIn\nTestSystem.SignIn.csproj", "{8466F805-DF90-4DA0-853B-E8E447306C37}"
EndProject
Project("{FAE04EC0-301F-11D3-BF4B-00C04F79EFBC}") = "nTestSystem.UserControls", "nTestSystem.UserControls\nTestSystem.UserControls.csproj", "{334D6046-9F02-4D80-BEE5-0F20E1354899}"
EndProject
Global
	GlobalSection(SolutionConfigurationPlatforms) = preSolution
		Debug|Any CPU = Debug|Any CPU
		Release|Any CPU = Release|Any CPU
	EndGlobalSection
	GlobalSection(ProjectConfigurationPlatforms) = postSolution
		{7A4FE7C0-20CE-4AA7-AF81-99A4DFF6B20E}.Debug|Any CPU.ActiveCfg = Debug|Any CPU
		{7A4FE7C0-20CE-4AA7-AF81-99A4DFF6B20E}.Debug|Any CPU.Build.0 = Debug|Any CPU
		{7A4FE7C0-20CE-4AA7-AF81-99A4DFF6B20E}.Release|Any CPU.ActiveCfg = Release|Any CPU
		{7A4FE7C0-20CE-4AA7-AF81-99A4DFF6B20E}.Release|Any CPU.Build.0 = Release|Any CPU
		{2FF64225-1366-44D9-9EF1-6332E2988C84}.Debug|Any CPU.ActiveCfg = Debug|Any CPU
		{2FF64225-1366-44D9-9EF1-6332E2988C84}.Debug|Any CPU.Build.0 = Debug|Any CPU
		{2FF64225-1366-44D9-9EF1-6332E2988C84}.Release|Any CPU.ActiveCfg = Release|Any CPU
		{2FF64225-1366-44D9-9EF1-6332E2988C84}.Release|Any CPU.Build.0 = Release|Any CPU
		{A047B48B-6EC5-4AE7-908B-776CA2F2C87F}.Debug|Any CPU.ActiveCfg = Debug|Any CPU
		{A047B48B-6EC5-4AE7-908B-776CA2F2C87F}.Debug|Any CPU.Build.0 = Debug|Any CPU
		{A047B48B-6EC5-4AE7-908B-776CA2F2C87F}.Release|Any CPU.ActiveCfg = Release|Any CPU
		{A047B48B-6EC5-4AE7-908B-776CA2F2C87F}.Release|Any CPU.Build.0 = Release|Any CPU
		{31046853-B5B2-457D-9AEE-5DF597C1B8DE}.Debug|Any CPU.ActiveCfg = Debug|Any CPU
		{31046853-B5B2-457D-9AEE-5DF597C1B8DE}.Debug|Any CPU.Build.0 = Debug|Any CPU
		{31046853-B5B2-457D-9AEE-5DF597C1B8DE}.Release|Any CPU.ActiveCfg = Release|Any CPU
		{31046853-B5B2-457D-9AEE-5DF597C1B8DE}.Release|Any CPU.Build.0 = Release|Any CPU
		{59F81643-D146-44CC-A6B4-EFA2319E23B0}.Debug|Any CPU.ActiveCfg = Debug|Any CPU
		{59F81643-D146-44CC-A6B4-EFA2319E23B0}.Debug|Any CPU.Build.0 = Debug|Any CPU
		{59F81643-D146-44CC-A6B4-EFA2319E23B0}.Release|Any CPU.ActiveCfg = Release|Any CPU
		{59F81643-D146-44CC-A6B4-EFA2319E23B0}.Release|Any CPU.Build.0 = Release|Any CPU
		{E596F1F8-0D24-4C00-9B82-0573872965BE}.Debug|Any CPU.ActiveCfg = Debug|Any CPU
		{E596F1F8-0D24-4C00-9B82-0573872965BE}.Debug|Any CPU.Build.0 = Debug|Any CPU
		{E596F1F8-0D24-4C00-9B82-0573872965BE}.Release|Any CPU.ActiveCfg = Release|Any CPU
		{E596F1F8-0D24-4C00-9B82-0573872965BE}.Release|Any CPU.Build.0 = Release|Any CPU
		{8466F805-DF90-4DA0-853B-E8E447306C37}.Debug|Any CPU.ActiveCfg = Debug|Any CPU
		{8466F805-DF90-4DA0-853B-E8E447306C37}.Debug|Any CPU.Build.0 = Debug|Any CPU
		{8466F805-DF90-4DA0-853B-E8E447306C37}.Release|Any CPU.ActiveCfg = Release|Any CPU
		{8466F805-DF90-4DA0-853B-E8E447306C37}.Release|Any CPU.Build.0 = Release|Any CPU
		{334D6046-9F02-4D80-BEE5-0F20E1354899}.Debug|Any CPU.ActiveCfg = Debug|Any CPU
		{334D6046-9F02-4D80-BEE5-0F20E1354899}.Debug|Any CPU.Build.0 = Debug|Any CPU
		{334D6046-9F02-4D80-BEE5-0F20E1354899}.Release|Any CPU.ActiveCfg = Release|Any CPU
		{334D6046-9F02-4D80-BEE5-0F20E1354899}.Release|Any CPU.Build.0 = Release|Any CPU
	EndGlobalSection
	GlobalSection(SolutionProperties) = preSolution
		HideSolutionNode = FALSE
	EndGlobalSection
	GlobalSection(NestedProjects) = preSolution
		{2FF64225-1366-44D9-9EF1-6332E2988C84} = {52C1E434-21A1-47E1-8877-EB1385E7450E}
		{A047B48B-6EC5-4AE7-908B-776CA2F2C87F} = {52C1E434-21A1-47E1-8877-EB1385E7450E}
		{31046853-B5B2-457D-9AEE-5DF597C1B8DE} = {52C1E434-21A1-47E1-8877-EB1385E7450E}
		{59F81643-D146-44CC-A6B4-EFA2319E23B0} = {52C1E434-21A1-47E1-8877-EB1385E7450E}
		{E596F1F8-0D24-4C00-9B82-0573872965BE} = {52C1E434-21A1-47E1-8877-EB1385E7450E}
		{8466F805-DF90-4DA0-853B-E8E447306C37} = {63FF9BD3-BDDD-485B-8048-0B1F8523B7E2}
		{334D6046-9F02-4D80-BEE5-0F20E1354899} = {52C1E434-21A1-47E1-8877-EB1385E7450E}
	EndGlobalSection
	GlobalSection(ExtensibilityGlobals) = postSolution
		SolutionGuid = {131E3A3B-922B-4AEC-9286-BBB18AFC9B54}
	EndGlobalSection
EndGlobal
