
Microsoft Visual Studio Solution File, Format Version 12.00
# Visual Studio Version 16
VisualStudioVersion = 16.0.30114.105
MinimumVisualStudioVersion = 10.0.40219.1
Project("{2150E333-8FDC-42A3-9474-1A3956D46DE8}") = "Solution Items", "Solution Items", "{37BE7F16-A51F-48BB-ADD3-EF93E3AEAB0E}"
	ProjectSection(SolutionItems) = preProject
		bookmarks.html = bookmarks.html
		Note.docx = Note.docx
		Prism7.1.0.431_WPF_官方中文文档.docx = Prism7.1.0.431_WPF_官方中文文档.docx
		PrismTemplatePack.vsix = PrismTemplatePack.vsix
	EndProjectSection
EndProject
Project("{9A19103F-16F7-4668-BE54-9A1E7A4F7556}") = "nTestSystem.DataHelper", "nTestSystem.DataHelper\nTestSystem.DataHelper.csproj", "{2FF64225-1366-44D9-9EF1-6332E2988C84}"
EndProject
Project("{9A19103F-16F7-4668-BE54-9A1E7A4F7556}") = "nTestSystem.DeviceHelper", "nTestSystem.DeviceHelper\nTestSystem.DeviceHelper.csproj", "{A047B48B-6EC5-4AE7-908B-776CA2F2C87F}"
EndProject
Project("{9A19103F-16F7-4668-BE54-9A1E7A4F7556}") = "nTestSystem.Framework", "nTestSystem.Framework\nTestSystem.Framework.csproj", "{31046853-B5B2-457D-9AEE-5DF597C1B8DE}"
EndProject
Project("{2150E333-8FDC-42A3-9474-1A3956D46DE8}") = "Module", "Module", "{63FF9BD3-BDDD-485B-8048-0B1F8523B7E2}"
EndProject
Project("{2150E333-8FDC-42A3-9474-1A3956D46DE8}") = "Libraries", "Libraries", "{52C1E434-21A1-47E1-8877-EB1385E7450E}"
EndProject
Project("{9A19103F-16F7-4668-BE54-9A1E7A4F7556}") = "nTestSystem.DatabaseHelper", "nTestSystem.Database\nTestSystem.DatabaseHelper.csproj", "{59F81643-D146-44CC-A6B4-EFA2319E23B0}"
EndProject
Project("{9A19103F-16F7-4668-BE54-9A1E7A4F7556}") = "nTestSystem.UserControls", "nTestSystem.UserControls\nTestSystem.UserControls.csproj", "{334D6046-9F02-4D80-BEE5-0F20E1354899}"
EndProject
Project("{9A19103F-16F7-4668-BE54-9A1E7A4F7556}") = "nTestSystem.Aggregator", "nTestSystem.Aggregator\nTestSystem.Aggregator.csproj", "{C10CB04F-F658-45B5-90FF-698F89B3F24E}"
EndProject
Project("{9A19103F-16F7-4668-BE54-9A1E7A4F7556}") = "nTestSystem.Desktop", "nTestSystem.Desktop\nTestSystem.Desktop.csproj", "{A51DC82B-FE4C-49E0-BA38-4C80FC5000DA}"
EndProject
Project("{9A19103F-16F7-4668-BE54-9A1E7A4F7556}") = "HomePage", "Module\HomePage\HomePage.csproj", "{F26E20E6-EC5D-43E6-8AEF-E303EAED6D72}"
EndProject
Project("{9A19103F-16F7-4668-BE54-9A1E7A4F7556}") = "TopWindow", "Module\TopWindow\TopWindow.csproj", "{767F85FD-3720-409C-B794-BC303CEA4457}"
EndProject
Project("{9A19103F-16F7-4668-BE54-9A1E7A4F7556}") = "DataConnection", "Module\DataConnection\DataConnection.csproj", "{5CF39780-7D82-4917-9136-05D7433259A2}"
EndProject
Project("{9A19103F-16F7-4668-BE54-9A1E7A4F7556}") = "ProcessDesign", "Module\ProcessDesign\ProcessDesign.csproj", "{9902789C-1B6C-4FAA-9F90-20938C001B9B}"
EndProject
Project("{9A19103F-16F7-4668-BE54-9A1E7A4F7556}") = "Settings", "Module\Settings\Settings.csproj", "{E94D1AC6-EF0F-48D3-A16F-A51F08BB3676}"
EndProject
Project("{9A19103F-16F7-4668-BE54-9A1E7A4F7556}") = "ProductManage", "Module\ProductManage\ProductManage.csproj", "{AB0C5D5E-0147-4806-AE35-5390B2AEE545}"
EndProject
Project("{9A19103F-16F7-4668-BE54-9A1E7A4F7556}") = "InstrumentManage", "Module\InstrumentManage\InstrumentManage.csproj", "{48696B13-D484-4B9B-839D-CE94215AB7D6}"
EndProject
Project("{9A19103F-16F7-4668-BE54-9A1E7A4F7556}") = "About", "Module\About\About.csproj", "{BEE0E6C3-57FC-4EF9-90D8-98B1CDC34D86}"
EndProject
Project("{9A19103F-16F7-4668-BE54-9A1E7A4F7556}") = "SignIn", "Module\SignIn\SignIn.csproj", "{95BB1552-8075-42B1-8D1F-1F11881B57C0}"
EndProject
Global
	GlobalSection(SolutionConfigurationPlatforms) = preSolution
		Debug|Any CPU = Debug|Any CPU
		Release|Any CPU = Release|Any CPU
	EndGlobalSection
	GlobalSection(ProjectConfigurationPlatforms) = postSolution
		{2FF64225-1366-44D9-9EF1-6332E2988C84}.Debug|Any CPU.ActiveCfg = Debug|Any CPU
		{2FF64225-1366-44D9-9EF1-6332E2988C84}.Debug|Any CPU.Build.0 = Debug|Any CPU
		{2FF64225-1366-44D9-9EF1-6332E2988C84}.Release|Any CPU.ActiveCfg = Release|Any CPU
		{2FF64225-1366-44D9-9EF1-6332E2988C84}.Release|Any CPU.Build.0 = Release|Any CPU
		{A047B48B-6EC5-4AE7-908B-776CA2F2C87F}.Debug|Any CPU.ActiveCfg = Debug|Any CPU
		{A047B48B-6EC5-4AE7-908B-776CA2F2C87F}.Debug|Any CPU.Build.0 = Debug|Any CPU
		{A047B48B-6EC5-4AE7-908B-776CA2F2C87F}.Release|Any CPU.ActiveCfg = Release|Any CPU
		{A047B48B-6EC5-4AE7-908B-776CA2F2C87F}.Release|Any CPU.Build.0 = Release|Any CPU
		{31046853-B5B2-457D-9AEE-5DF597C1B8DE}.Debug|Any CPU.ActiveCfg = Debug|Any CPU
		{31046853-B5B2-457D-9AEE-5DF597C1B8DE}.Debug|Any CPU.Build.0 = Debug|Any CPU
		{31046853-B5B2-457D-9AEE-5DF597C1B8DE}.Release|Any CPU.ActiveCfg = Release|Any CPU
		{31046853-B5B2-457D-9AEE-5DF597C1B8DE}.Release|Any CPU.Build.0 = Release|Any CPU
		{59F81643-D146-44CC-A6B4-EFA2319E23B0}.Debug|Any CPU.ActiveCfg = Debug|Any CPU
		{59F81643-D146-44CC-A6B4-EFA2319E23B0}.Debug|Any CPU.Build.0 = Debug|Any CPU
		{59F81643-D146-44CC-A6B4-EFA2319E23B0}.Release|Any CPU.ActiveCfg = Release|Any CPU
		{59F81643-D146-44CC-A6B4-EFA2319E23B0}.Release|Any CPU.Build.0 = Release|Any CPU
		{334D6046-9F02-4D80-BEE5-0F20E1354899}.Debug|Any CPU.ActiveCfg = Debug|Any CPU
		{334D6046-9F02-4D80-BEE5-0F20E1354899}.Debug|Any CPU.Build.0 = Debug|Any CPU
		{334D6046-9F02-4D80-BEE5-0F20E1354899}.Release|Any CPU.ActiveCfg = Release|Any CPU
		{334D6046-9F02-4D80-BEE5-0F20E1354899}.Release|Any CPU.Build.0 = Release|Any CPU
		{C10CB04F-F658-45B5-90FF-698F89B3F24E}.Debug|Any CPU.ActiveCfg = Debug|Any CPU
		{C10CB04F-F658-45B5-90FF-698F89B3F24E}.Debug|Any CPU.Build.0 = Debug|Any CPU
		{C10CB04F-F658-45B5-90FF-698F89B3F24E}.Release|Any CPU.ActiveCfg = Release|Any CPU
		{C10CB04F-F658-45B5-90FF-698F89B3F24E}.Release|Any CPU.Build.0 = Release|Any CPU
		{A51DC82B-FE4C-49E0-BA38-4C80FC5000DA}.Debug|Any CPU.ActiveCfg = Debug|Any CPU
		{A51DC82B-FE4C-49E0-BA38-4C80FC5000DA}.Debug|Any CPU.Build.0 = Debug|Any CPU
		{A51DC82B-FE4C-49E0-BA38-4C80FC5000DA}.Release|Any CPU.ActiveCfg = Release|Any CPU
		{A51DC82B-FE4C-49E0-BA38-4C80FC5000DA}.Release|Any CPU.Build.0 = Release|Any CPU
		{F26E20E6-EC5D-43E6-8AEF-E303EAED6D72}.Debug|Any CPU.ActiveCfg = Debug|Any CPU
		{F26E20E6-EC5D-43E6-8AEF-E303EAED6D72}.Debug|Any CPU.Build.0 = Debug|Any CPU
		{F26E20E6-EC5D-43E6-8AEF-E303EAED6D72}.Release|Any CPU.ActiveCfg = Release|Any CPU
		{F26E20E6-EC5D-43E6-8AEF-E303EAED6D72}.Release|Any CPU.Build.0 = Release|Any CPU
		{767F85FD-3720-409C-B794-BC303CEA4457}.Debug|Any CPU.ActiveCfg = Debug|Any CPU
		{767F85FD-3720-409C-B794-BC303CEA4457}.Debug|Any CPU.Build.0 = Debug|Any CPU
		{767F85FD-3720-409C-B794-BC303CEA4457}.Release|Any CPU.ActiveCfg = Release|Any CPU
		{767F85FD-3720-409C-B794-BC303CEA4457}.Release|Any CPU.Build.0 = Release|Any CPU
		{5CF39780-7D82-4917-9136-05D7433259A2}.Debug|Any CPU.ActiveCfg = Debug|Any CPU
		{5CF39780-7D82-4917-9136-05D7433259A2}.Debug|Any CPU.Build.0 = Debug|Any CPU
		{5CF39780-7D82-4917-9136-05D7433259A2}.Release|Any CPU.ActiveCfg = Release|Any CPU
		{5CF39780-7D82-4917-9136-05D7433259A2}.Release|Any CPU.Build.0 = Release|Any CPU
		{9902789C-1B6C-4FAA-9F90-20938C001B9B}.Debug|Any CPU.ActiveCfg = Debug|Any CPU
		{9902789C-1B6C-4FAA-9F90-20938C001B9B}.Debug|Any CPU.Build.0 = Debug|Any CPU
		{9902789C-1B6C-4FAA-9F90-20938C001B9B}.Release|Any CPU.ActiveCfg = Release|Any CPU
		{9902789C-1B6C-4FAA-9F90-20938C001B9B}.Release|Any CPU.Build.0 = Release|Any CPU
		{E94D1AC6-EF0F-48D3-A16F-A51F08BB3676}.Debug|Any CPU.ActiveCfg = Debug|Any CPU
		{E94D1AC6-EF0F-48D3-A16F-A51F08BB3676}.Debug|Any CPU.Build.0 = Debug|Any CPU
		{E94D1AC6-EF0F-48D3-A16F-A51F08BB3676}.Release|Any CPU.ActiveCfg = Release|Any CPU
		{E94D1AC6-EF0F-48D3-A16F-A51F08BB3676}.Release|Any CPU.Build.0 = Release|Any CPU
		{AB0C5D5E-0147-4806-AE35-5390B2AEE545}.Debug|Any CPU.ActiveCfg = Debug|Any CPU
		{AB0C5D5E-0147-4806-AE35-5390B2AEE545}.Debug|Any CPU.Build.0 = Debug|Any CPU
		{AB0C5D5E-0147-4806-AE35-5390B2AEE545}.Release|Any CPU.ActiveCfg = Release|Any CPU
		{AB0C5D5E-0147-4806-AE35-5390B2AEE545}.Release|Any CPU.Build.0 = Release|Any CPU
		{48696B13-D484-4B9B-839D-CE94215AB7D6}.Debug|Any CPU.ActiveCfg = Debug|Any CPU
		{48696B13-D484-4B9B-839D-CE94215AB7D6}.Debug|Any CPU.Build.0 = Debug|Any CPU
		{48696B13-D484-4B9B-839D-CE94215AB7D6}.Release|Any CPU.ActiveCfg = Release|Any CPU
		{48696B13-D484-4B9B-839D-CE94215AB7D6}.Release|Any CPU.Build.0 = Release|Any CPU
		{BEE0E6C3-57FC-4EF9-90D8-98B1CDC34D86}.Debug|Any CPU.ActiveCfg = Debug|Any CPU
		{BEE0E6C3-57FC-4EF9-90D8-98B1CDC34D86}.Debug|Any CPU.Build.0 = Debug|Any CPU
		{BEE0E6C3-57FC-4EF9-90D8-98B1CDC34D86}.Release|Any CPU.ActiveCfg = Release|Any CPU
		{BEE0E6C3-57FC-4EF9-90D8-98B1CDC34D86}.Release|Any CPU.Build.0 = Release|Any CPU
		{95BB1552-8075-42B1-8D1F-1F11881B57C0}.Debug|Any CPU.ActiveCfg = Debug|Any CPU
		{95BB1552-8075-42B1-8D1F-1F11881B57C0}.Debug|Any CPU.Build.0 = Debug|Any CPU
		{95BB1552-8075-42B1-8D1F-1F11881B57C0}.Release|Any CPU.ActiveCfg = Release|Any CPU
		{95BB1552-8075-42B1-8D1F-1F11881B57C0}.Release|Any CPU.Build.0 = Release|Any CPU
	EndGlobalSection
	GlobalSection(SolutionProperties) = preSolution
		HideSolutionNode = FALSE
	EndGlobalSection
	GlobalSection(NestedProjects) = preSolution
		{2FF64225-1366-44D9-9EF1-6332E2988C84} = {52C1E434-21A1-47E1-8877-EB1385E7450E}
		{A047B48B-6EC5-4AE7-908B-776CA2F2C87F} = {52C1E434-21A1-47E1-8877-EB1385E7450E}
		{31046853-B5B2-457D-9AEE-5DF597C1B8DE} = {52C1E434-21A1-47E1-8877-EB1385E7450E}
		{59F81643-D146-44CC-A6B4-EFA2319E23B0} = {52C1E434-21A1-47E1-8877-EB1385E7450E}
		{334D6046-9F02-4D80-BEE5-0F20E1354899} = {52C1E434-21A1-47E1-8877-EB1385E7450E}
		{C10CB04F-F658-45B5-90FF-698F89B3F24E} = {52C1E434-21A1-47E1-8877-EB1385E7450E}
		{F26E20E6-EC5D-43E6-8AEF-E303EAED6D72} = {63FF9BD3-BDDD-485B-8048-0B1F8523B7E2}
		{767F85FD-3720-409C-B794-BC303CEA4457} = {63FF9BD3-BDDD-485B-8048-0B1F8523B7E2}
		{5CF39780-7D82-4917-9136-05D7433259A2} = {63FF9BD3-BDDD-485B-8048-0B1F8523B7E2}
		{9902789C-1B6C-4FAA-9F90-20938C001B9B} = {63FF9BD3-BDDD-485B-8048-0B1F8523B7E2}
		{E94D1AC6-EF0F-48D3-A16F-A51F08BB3676} = {63FF9BD3-BDDD-485B-8048-0B1F8523B7E2}
		{AB0C5D5E-0147-4806-AE35-5390B2AEE545} = {63FF9BD3-BDDD-485B-8048-0B1F8523B7E2}
		{48696B13-D484-4B9B-839D-CE94215AB7D6} = {63FF9BD3-BDDD-485B-8048-0B1F8523B7E2}
		{BEE0E6C3-57FC-4EF9-90D8-98B1CDC34D86} = {63FF9BD3-BDDD-485B-8048-0B1F8523B7E2}
		{95BB1552-8075-42B1-8D1F-1F11881B57C0} = {63FF9BD3-BDDD-485B-8048-0B1F8523B7E2}
	EndGlobalSection
	GlobalSection(ExtensibilityGlobals) = postSolution
		SolutionGuid = {131E3A3B-922B-4AEC-9286-BBB18AFC9B54}
	EndGlobalSection
EndGlobal
